
Microsoft Visual Studio Solution File, Format Version 12.00
# Visual Studio 14
VisualStudioVersion = 14.0.25420.1
MinimumVisualStudioVersion = 10.0.40219.1
Project("{2150E333-8FDC-42A3-9474-1A3956D46DE8}") = "src", "src", "{1A66A2B3-C9AD-443C-9F4B-5B5A9FB18BE6}"
EndProject
Project("{2150E333-8FDC-42A3-9474-1A3956D46DE8}") = "Solution Items", "Solution Items", "{527E3723-8348-427B-92BC-E2959927BC95}"
	ProjectSection(SolutionItems) = preProject
		global.json = global.json
	EndProjectSection
EndProject
Project("{8BB2217D-0F2D-49D1-97BC-3654ED321F3B}") = "Socioboard", "src\Socioboard\Socioboard.xproj", "{9A844241-C7E9-4F39-97CE-76CE6FA95275}"
EndProject
Project("{8BB2217D-0F2D-49D1-97BC-3654ED321F3B}") = "Domain.Socioboard", "src\Domain.Socioboard\Domain.Socioboard.xproj", "{1B364E97-73A5-429E-A0F3-A341158D33A7}"
EndProject
Project("{8BB2217D-0F2D-49D1-97BC-3654ED321F3B}") = "Socioboard.Facebook", "src\Socioboard.Facebook\Socioboard.Facebook.xproj", "{70AEE73A-1921-4EEF-BD4E-2C54C9DE729F}"
EndProject
Project("{8BB2217D-0F2D-49D1-97BC-3654ED321F3B}") = "Socioboard.Google", "src\Socioboard.Google\Socioboard.Google.xproj", "{DDA3032A-0143-4273-8771-99A761D3617C}"
EndProject
Project("{8BB2217D-0F2D-49D1-97BC-3654ED321F3B}") = "Socioboard.Instagram", "src\Socioboard.Instagram\Socioboard.Instagram.xproj", "{6CB7EEEF-3FB5-4767-8AD6-E1DDAE663294}"
EndProject
Project("{8BB2217D-0F2D-49D1-97BC-3654ED321F3B}") = "Socioboard.LinkedIn", "src\Socioboard.LinkedIn\Socioboard.LinkedIn.xproj", "{8DBC8874-4926-43A2-91DB-E22A41E3C2AF}"
EndProject
Project("{8BB2217D-0F2D-49D1-97BC-3654ED321F3B}") = "Socioboard.Twitter", "src\Socioboard.Twitter\Socioboard.Twitter.xproj", "{A46A4215-FBFA-4429-A749-4F3830F3E016}"
EndProject
Project("{8BB2217D-0F2D-49D1-97BC-3654ED321F3B}") = "Api.Socioboard", "src\Api.Socioboard\Api.Socioboard.xproj", "{51D34049-F737-4B75-A5A7-694DA6F1024A}"
EndProject
Project("{8BB2217D-0F2D-49D1-97BC-3654ED321F3B}") = "SocioboardDataServices", "src\SocioboardDataServices\SocioboardDataServices.xproj", "{BDF366C5-453D-4111-95CC-4371822CB297}"
EndProject
Project("{8BB2217D-0F2D-49D1-97BC-3654ED321F3B}") = "SocioboardDataScheduler", "src\SocioboardDataScheduler\SocioboardDataScheduler.xproj", "{5FC6D7FB-CA38-4A7A-8BE0-3BC12DB0C065}"
EndProject
Project("{8BB2217D-0F2D-49D1-97BC-3654ED321F3B}") = "SociobordRssDataServices", "src\SociobordRssDataServices\SociobordRssDataServices.xproj", "{6E7ED109-FAB2-4931-A184-607B7F94AD5D}"
EndProject
Project("{8BB2217D-0F2D-49D1-97BC-3654ED321F3B}") = "Socioboard.Pinterest", "src\Socioboard.Pinterest\Socioboard.Pinterest.xproj", "{6BC81427-68C6-4909-B07E-BDECC55D3FD7}"
EndProject
Project("{8BB2217D-0F2D-49D1-97BC-3654ED321F3B}") = "AdvancedContentSearch", "src\AdvancedContentSearch\AdvancedContentSearch.xproj", "{35004A68-AB7F-4C8D-9B84-326FD1240985}"
EndProject
Project("{8BB2217D-0F2D-49D1-97BC-3654ED321F3B}") = "SocioBoardMailSenderServices", "src\SocioBoardMailSenderServices\SocioBoardMailSenderServices.xproj", "{A175F365-5D84-47D2-82C2-6A37D245DEEF}"
EndProject
Global
	GlobalSection(SolutionConfigurationPlatforms) = preSolution
		Debug|Any CPU = Debug|Any CPU
		Release|Any CPU = Release|Any CPU
	EndGlobalSection
	GlobalSection(ProjectConfigurationPlatforms) = postSolution
		{9A844241-C7E9-4F39-97CE-76CE6FA95275}.Debug|Any CPU.ActiveCfg = Debug|Any CPU
		{9A844241-C7E9-4F39-97CE-76CE6FA95275}.Debug|Any CPU.Build.0 = Debug|Any CPU
		{9A844241-C7E9-4F39-97CE-76CE6FA95275}.Release|Any CPU.ActiveCfg = Release|Any CPU
		{9A844241-C7E9-4F39-97CE-76CE6FA95275}.Release|Any CPU.Build.0 = Release|Any CPU
		{1B364E97-73A5-429E-A0F3-A341158D33A7}.Debug|Any CPU.ActiveCfg = Debug|Any CPU
		{1B364E97-73A5-429E-A0F3-A341158D33A7}.Debug|Any CPU.Build.0 = Debug|Any CPU
		{1B364E97-73A5-429E-A0F3-A341158D33A7}.Release|Any CPU.ActiveCfg = Release|Any CPU
		{1B364E97-73A5-429E-A0F3-A341158D33A7}.Release|Any CPU.Build.0 = Release|Any CPU
		{70AEE73A-1921-4EEF-BD4E-2C54C9DE729F}.Debug|Any CPU.ActiveCfg = Debug|Any CPU
		{70AEE73A-1921-4EEF-BD4E-2C54C9DE729F}.Debug|Any CPU.Build.0 = Debug|Any CPU
		{70AEE73A-1921-4EEF-BD4E-2C54C9DE729F}.Release|Any CPU.ActiveCfg = Release|Any CPU
		{70AEE73A-1921-4EEF-BD4E-2C54C9DE729F}.Release|Any CPU.Build.0 = Release|Any CPU
		{DDA3032A-0143-4273-8771-99A761D3617C}.Debug|Any CPU.ActiveCfg = Debug|Any CPU
		{DDA3032A-0143-4273-8771-99A761D3617C}.Debug|Any CPU.Build.0 = Debug|Any CPU
		{DDA3032A-0143-4273-8771-99A761D3617C}.Release|Any CPU.ActiveCfg = Release|Any CPU
		{DDA3032A-0143-4273-8771-99A761D3617C}.Release|Any CPU.Build.0 = Release|Any CPU
		{6CB7EEEF-3FB5-4767-8AD6-E1DDAE663294}.Debug|Any CPU.ActiveCfg = Debug|Any CPU
		{6CB7EEEF-3FB5-4767-8AD6-E1DDAE663294}.Debug|Any CPU.Build.0 = Debug|Any CPU
		{6CB7EEEF-3FB5-4767-8AD6-E1DDAE663294}.Release|Any CPU.ActiveCfg = Release|Any CPU
		{6CB7EEEF-3FB5-4767-8AD6-E1DDAE663294}.Release|Any CPU.Build.0 = Release|Any CPU
		{8DBC8874-4926-43A2-91DB-E22A41E3C2AF}.Debug|Any CPU.ActiveCfg = Debug|Any CPU
		{8DBC8874-4926-43A2-91DB-E22A41E3C2AF}.Debug|Any CPU.Build.0 = Debug|Any CPU
		{8DBC8874-4926-43A2-91DB-E22A41E3C2AF}.Release|Any CPU.ActiveCfg = Release|Any CPU
		{8DBC8874-4926-43A2-91DB-E22A41E3C2AF}.Release|Any CPU.Build.0 = Release|Any CPU
		{A46A4215-FBFA-4429-A749-4F3830F3E016}.Debug|Any CPU.ActiveCfg = Debug|Any CPU
		{A46A4215-FBFA-4429-A749-4F3830F3E016}.Debug|Any CPU.Build.0 = Debug|Any CPU
		{A46A4215-FBFA-4429-A749-4F3830F3E016}.Release|Any CPU.ActiveCfg = Release|Any CPU
		{A46A4215-FBFA-4429-A749-4F3830F3E016}.Release|Any CPU.Build.0 = Release|Any CPU
		{51D34049-F737-4B75-A5A7-694DA6F1024A}.Debug|Any CPU.ActiveCfg = Debug|Any CPU
		{51D34049-F737-4B75-A5A7-694DA6F1024A}.Debug|Any CPU.Build.0 = Debug|Any CPU
		{51D34049-F737-4B75-A5A7-694DA6F1024A}.Release|Any CPU.ActiveCfg = Release|Any CPU
		{51D34049-F737-4B75-A5A7-694DA6F1024A}.Release|Any CPU.Build.0 = Release|Any CPU
		{BDF366C5-453D-4111-95CC-4371822CB297}.Debug|Any CPU.ActiveCfg = Debug|Any CPU
		{BDF366C5-453D-4111-95CC-4371822CB297}.Debug|Any CPU.Build.0 = Debug|Any CPU
		{BDF366C5-453D-4111-95CC-4371822CB297}.Release|Any CPU.ActiveCfg = Release|Any CPU
		{BDF366C5-453D-4111-95CC-4371822CB297}.Release|Any CPU.Build.0 = Release|Any CPU
		{5FC6D7FB-CA38-4A7A-8BE0-3BC12DB0C065}.Debug|Any CPU.ActiveCfg = Debug|Any CPU
		{5FC6D7FB-CA38-4A7A-8BE0-3BC12DB0C065}.Debug|Any CPU.Build.0 = Debug|Any CPU
		{5FC6D7FB-CA38-4A7A-8BE0-3BC12DB0C065}.Release|Any CPU.ActiveCfg = Release|Any CPU
		{5FC6D7FB-CA38-4A7A-8BE0-3BC12DB0C065}.Release|Any CPU.Build.0 = Release|Any CPU
		{6E7ED109-FAB2-4931-A184-607B7F94AD5D}.Debug|Any CPU.ActiveCfg = Debug|Any CPU
		{6E7ED109-FAB2-4931-A184-607B7F94AD5D}.Debug|Any CPU.Build.0 = Debug|Any CPU
		{6E7ED109-FAB2-4931-A184-607B7F94AD5D}.Release|Any CPU.ActiveCfg = Release|Any CPU
		{6E7ED109-FAB2-4931-A184-607B7F94AD5D}.Release|Any CPU.Build.0 = Release|Any CPU
		{6BC81427-68C6-4909-B07E-BDECC55D3FD7}.Debug|Any CPU.ActiveCfg = Debug|Any CPU
		{6BC81427-68C6-4909-B07E-BDECC55D3FD7}.Debug|Any CPU.Build.0 = Debug|Any CPU
		{6BC81427-68C6-4909-B07E-BDECC55D3FD7}.Release|Any CPU.ActiveCfg = Release|Any CPU
		{6BC81427-68C6-4909-B07E-BDECC55D3FD7}.Release|Any CPU.Build.0 = Release|Any CPU
		{35004A68-AB7F-4C8D-9B84-326FD1240985}.Debug|Any CPU.ActiveCfg = Debug|Any CPU
		{35004A68-AB7F-4C8D-9B84-326FD1240985}.Debug|Any CPU.Build.0 = Debug|Any CPU
		{35004A68-AB7F-4C8D-9B84-326FD1240985}.Release|Any CPU.ActiveCfg = Release|Any CPU
		{35004A68-AB7F-4C8D-9B84-326FD1240985}.Release|Any CPU.Build.0 = Release|Any CPU
		{A175F365-5D84-47D2-82C2-6A37D245DEEF}.Debug|Any CPU.ActiveCfg = Debug|Any CPU
		{A175F365-5D84-47D2-82C2-6A37D245DEEF}.Debug|Any CPU.Build.0 = Debug|Any CPU
		{A175F365-5D84-47D2-82C2-6A37D245DEEF}.Release|Any CPU.ActiveCfg = Release|Any CPU
		{A175F365-5D84-47D2-82C2-6A37D245DEEF}.Release|Any CPU.Build.0 = Release|Any CPU
	EndGlobalSection
	GlobalSection(SolutionProperties) = preSolution
		HideSolutionNode = FALSE
	EndGlobalSection
	GlobalSection(NestedProjects) = preSolution
		{9A844241-C7E9-4F39-97CE-76CE6FA95275} = {1A66A2B3-C9AD-443C-9F4B-5B5A9FB18BE6}
		{1B364E97-73A5-429E-A0F3-A341158D33A7} = {1A66A2B3-C9AD-443C-9F4B-5B5A9FB18BE6}
		{70AEE73A-1921-4EEF-BD4E-2C54C9DE729F} = {1A66A2B3-C9AD-443C-9F4B-5B5A9FB18BE6}
		{DDA3032A-0143-4273-8771-99A761D3617C} = {1A66A2B3-C9AD-443C-9F4B-5B5A9FB18BE6}
		{6CB7EEEF-3FB5-4767-8AD6-E1DDAE663294} = {1A66A2B3-C9AD-443C-9F4B-5B5A9FB18BE6}
		{8DBC8874-4926-43A2-91DB-E22A41E3C2AF} = {1A66A2B3-C9AD-443C-9F4B-5B5A9FB18BE6}
		{A46A4215-FBFA-4429-A749-4F3830F3E016} = {1A66A2B3-C9AD-443C-9F4B-5B5A9FB18BE6}
		{51D34049-F737-4B75-A5A7-694DA6F1024A} = {1A66A2B3-C9AD-443C-9F4B-5B5A9FB18BE6}
		{BDF366C5-453D-4111-95CC-4371822CB297} = {1A66A2B3-C9AD-443C-9F4B-5B5A9FB18BE6}
		{5FC6D7FB-CA38-4A7A-8BE0-3BC12DB0C065} = {1A66A2B3-C9AD-443C-9F4B-5B5A9FB18BE6}
		{6E7ED109-FAB2-4931-A184-607B7F94AD5D} = {1A66A2B3-C9AD-443C-9F4B-5B5A9FB18BE6}
		{6BC81427-68C6-4909-B07E-BDECC55D3FD7} = {1A66A2B3-C9AD-443C-9F4B-5B5A9FB18BE6}
		{35004A68-AB7F-4C8D-9B84-326FD1240985} = {1A66A2B3-C9AD-443C-9F4B-5B5A9FB18BE6}
		{A175F365-5D84-47D2-82C2-6A37D245DEEF} = {1A66A2B3-C9AD-443C-9F4B-5B5A9FB18BE6}
	EndGlobalSection
EndGlobal
